
Microsoft Visual Studio Solution File, Format Version 12.00
# Visual Studio 15
VisualStudioVersion = 15.0.27703.2035
MinimumVisualStudioVersion = 10.0.40219.1
Project("{FAE04EC0-301F-11D3-BF4B-00C04F79EFBC}") = "CSPlayground", "CSPlayground\CSPlayground.csproj", "{714FFC46-4D7F-4A95-AA2B-BFC348B69C34}"
EndProject
Project("{FAE04EC0-301F-11D3-BF4B-00C04F79EFBC}") = "DataStructure", "DataStructure\DataStructure.csproj", "{D501DA4B-310B-47F0-AFBB-A505323101FA}"
EndProject
Global
	GlobalSection(SolutionConfigurationPlatforms) = preSolution
		Debug|Any CPU = Debug|Any CPU
		Release|Any CPU = Release|Any CPU
	EndGlobalSection
	GlobalSection(ProjectConfigurationPlatforms) = postSolution
		{714FFC46-4D7F-4A95-AA2B-BFC348B69C34}.Debug|Any CPU.ActiveCfg = Debug|Any CPU
		{714FFC46-4D7F-4A95-AA2B-BFC348B69C34}.Debug|Any CPU.Build.0 = Debug|Any CPU
		{714FFC46-4D7F-4A95-AA2B-BFC348B69C34}.Release|Any CPU.ActiveCfg = Release|Any CPU
		{714FFC46-4D7F-4A95-AA2B-BFC348B69C34}.Release|Any CPU.Build.0 = Release|Any CPU
		{D501DA4B-310B-47F0-AFBB-A505323101FA}.Debug|Any CPU.ActiveCfg = Debug|Any CPU
		{D501DA4B-310B-47F0-AFBB-A505323101FA}.Debug|Any CPU.Build.0 = Debug|Any CPU
		{D501DA4B-310B-47F0-AFBB-A505323101FA}.Release|Any CPU.ActiveCfg = Release|Any CPU
		{D501DA4B-310B-47F0-AFBB-A505323101FA}.Release|Any CPU.Build.0 = Release|Any CPU
	EndGlobalSection
	GlobalSection(SolutionProperties) = preSolution
		HideSolutionNode = FALSE
	EndGlobalSection
	GlobalSection(ExtensibilityGlobals) = postSolution
		SolutionGuid = {00A3E03B-4EE9-4337-B802-DB85476A2C8B}
	EndGlobalSection
EndGlobal
